
Microsoft Visual Studio Solution File, Format Version 12.00
# Visual Studio Version 17
VisualStudioVersion = 17.0.32112.339
MinimumVisualStudioVersion = 10.0.40219.1
Project("{FAE04EC0-301F-11D3-BF4B-00C04F79EFBC}") = "GoogleAuthenticatorTest", "GoogleAuthenticatorTest\GoogleAuthenticatorTest.csproj", "{16CC0853-D204-44C1-9A37-A894D3BDCB7B}"
EndProject
Global
	GlobalSection(SolutionConfigurationPlatforms) = preSolution
		Debug|Any CPU = Debug|Any CPU
		Release|Any CPU = Release|Any CPU
	EndGlobalSection
	GlobalSection(ProjectConfigurationPlatforms) = postSolution
		{16CC0853-D204-44C1-9A37-A894D3BDCB7B}.Debug|Any CPU.ActiveCfg = Debug|Any CPU
		{16CC0853-D204-44C1-9A37-A894D3BDCB7B}.Debug|Any CPU.Build.0 = Debug|Any CPU
		{16CC0853-D204-44C1-9A37-A894D3BDCB7B}.Release|Any CPU.ActiveCfg = Release|Any CPU
		{16CC0853-D204-44C1-9A37-A894D3BDCB7B}.Release|Any CPU.Build.0 = Release|Any CPU
	EndGlobalSection
	GlobalSection(SolutionProperties) = preSolution
		HideSolutionNode = FALSE
	EndGlobalSection
	GlobalSection(ExtensibilityGlobals) = postSolution
		SolutionGuid = {8D2FE760-4040-4C68-A119-D8E95B16B9ED}
	EndGlobalSection
EndGlobal
